{
  "nodes": {
    "flake-utils": {
      "locked": {
        "lastModified": 1652776076,
        "narHash": "sha256-gzTw/v1vj4dOVbpBSJX4J0DwUR6LIyXo7/SuuTJp1kM=",
        "owner": "numtide",
        "repo": "flake-utils",
        "rev": "04c1b180862888302ddfb2e3ad9eaa63afc60cf8",
        "type": "github"
      },
      "original": {
        "owner": "numtide",
        "ref": "v1.0.0",
        "repo": "flake-utils",
        "type": "github"
      }
    },
    "nixos": {
      "locked": {
        "lastModified": 1688109178,
        "narHash": "sha256-BSdeYp331G4b1yc7GIRgAnfUyaktW2nl7k0C577Tttk=",
        "owner": "NixOS",
        "repo": "nixpkgs",
        "rev": "b72aa95f7f096382bff3aea5f8fde645bca07422",
        "type": "github"
      },
      "original": {
        "owner": "NixOS",
        "ref": "nixos-23.05",
        "repo": "nixpkgs",
        "type": "github"
      }
    },
    "pythoneda-application-base": {
      "inputs": {
        "flake-utils": [
          "flake-utils"
        ],
        "nixos": [
          "nixos"
        ],
        "pythoneda-base": [
          "pythoneda-base"
        ],
        "pythoneda-infrastructure-base": [
          "pythoneda-infrastructure-base"
        ]
      },
      "locked": {
        "lastModified": 1687445405,
        "narHash": "sha256-0qkUeD85eyChdXJEX6rJw4lCwEWO7dldD9LpiwiT/tE=",
        "owner": "pythoneda-application",
        "repo": "base",
        "rev": "32169f667dd81357043c9b8d49214fcd19cdcb0f",
        "type": "github"
      },
      "original": {
        "owner": "pythoneda-application",
        "ref": "0.0.1a11",
        "repo": "base",
        "type": "github"
      }
    },
    "pythoneda-artifact-event-changes": {
      "inputs": {
        "flake-utils": [
          "flake-utils"
        ],
        "nixos": [
          "nixos"
        ],
        "pythoneda-artifact-shared-changes": [
          "pythoneda-artifact-shared-changes"
        ],
        "pythoneda-base": [
          "pythoneda-base"
        ]
      },
      "locked": {
        "lastModified": 1689092331,
        "narHash": "sha256-+pbmhdYvY5UxWHHkTq8qqK5gh7VWTzPZv9cgE3ISZdU=",
        "owner": "pythoneda-artifact-event",
        "repo": "changes",
        "rev": "ee3425f6f6e9ff0ed5d74bee46a9829b276df210",
        "type": "github"
      },
      "original": {
        "owner": "pythoneda-artifact-event",
        "ref": "0.0.1a1",
        "repo": "changes",
        "type": "github"
      }
    },
    "pythoneda-artifact-event-git-tagging": {
      "inputs": {
        "flake-utils": [
          "flake-utils"
        ],
        "nixos": [
          "nixos"
        ],
        "pythoneda-base": [
          "pythoneda-base"
        ]
      },
      "locked": {
        "lastModified": 1687939693,
        "narHash": "sha256-Tj93uxNc24ZV4+AazbYhRGg00KOvXpE8ZVCXlMOP0X8=",
        "owner": "pythoneda-artifact-event",
        "repo": "git-tagging",
        "rev": "74f5f5bd33e68fc793a110da89b92d12d1625280",
        "type": "github"
      },
      "original": {
        "owner": "pythoneda-artifact-event",
        "ref": "0.0.1a1",
        "repo": "git-tagging",
        "type": "github"
      }
    },
    "pythoneda-artifact-event-git-tagging_2": {
      "inputs": {
        "flake-utils": [
          "pythoneda-realm-infrastructure-unveilingpartner",
          "flake-utils"
        ],
        "nixos": [
          "pythoneda-realm-infrastructure-unveilingpartner",
          "nixos"
        ],
        "pythoneda-base": [
          "pythoneda-realm-infrastructure-unveilingpartner",
          "pythoneda-base"
        ]
      },
      "locked": {
        "lastModified": 1687939693,
        "narHash": "sha256-Tj93uxNc24ZV4+AazbYhRGg00KOvXpE8ZVCXlMOP0X8=",
        "owner": "pythoneda-artifact-event",
        "repo": "git-tagging",
        "rev": "74f5f5bd33e68fc793a110da89b92d12d1625280",
        "type": "github"
      },
      "original": {
        "owner": "pythoneda-artifact-event",
        "ref": "0.0.1a1",
        "repo": "git-tagging",
        "type": "github"
      }
    },
    "pythoneda-artifact-event-infrastructure-changes": {
      "inputs": {
        "flake-utils": [
          "flake-utils"
        ],
        "nixos": [
          "nixos"
        ],
        "pythoneda-artifact-event-changes": [
          "pythoneda-artifact-event-changes"
        ],
        "pythoneda-base": [
          "pythoneda-base"
        ]
      },
      "locked": {
        "lastModified": 1689093909,
        "narHash": "sha256-nKdABRjzOJJnoXF2+VwLXf9Rdp9CgOLSlxl514jFUCY=",
        "owner": "pythoneda-artifact-event-infrastructure",
        "repo": "changes",
        "rev": "7f2c2fa985d3584193940b80830e04ed5d4ba9bd",
        "type": "github"
      },
      "original": {
        "owner": "pythoneda-artifact-event-infrastructure",
        "ref": "0.0.1a1",
        "repo": "changes",
        "type": "github"
      }
    },
    "pythoneda-artifact-event-infrastructure-git-tagging": {
      "inputs": {
        "flake-utils": [
          "flake-utils"
        ],
        "nixos": [
          "nixos"
        ],
        "pythoneda-artifact-event-git-tagging": [
          "pythoneda-artifact-event-git-tagging"
        ],
        "pythoneda-base": [
          "pythoneda-base"
        ]
      },
      "locked": {
        "lastModified": 1688198418,
        "narHash": "sha256-Y0bDi2flhdEw2waPaY1+O1TWTbrLL9mmZrYKmnr0HLA=",
        "owner": "pythoneda-artifact-event-infrastructure",
        "repo": "git-tagging",
        "rev": "6b5f89c58e1bdc0e9c8bddbbf331c5b3454d306f",
        "type": "github"
      },
      "original": {
        "owner": "pythoneda-artifact-event-infrastructure",
        "ref": "0.0.1a1",
        "repo": "git-tagging",
        "type": "github"
      }
    },
    "pythoneda-artifact-shared-changes": {
      "inputs": {
        "flake-utils": [
          "flake-utils"
        ],
        "nixos": [
          "nixos"
        ],
        "pythoneda-base": [
          "pythoneda-base"
        ]
      },
      "locked": {
        "lastModified": 1689091755,
        "narHash": "sha256-bp4QplUEZNYv2pj/cSBXzso4UFVCvf37cb8DaD2w13U=",
        "owner": "pythoneda-artifact-shared",
        "repo": "changes",
        "rev": "638f67c43b7478ec5a3abbccdb57a40c0c0f3e66",
        "type": "github"
      },
      "original": {
        "owner": "pythoneda-artifact-shared",
        "ref": "0.0.1a1",
        "repo": "changes",
        "type": "github"
      }
    },
    "pythoneda-base": {
      "inputs": {
        "flake-utils": [
          "flake-utils"
        ],
        "nixos": [
          "nixos"
        ]
      },
      "locked": {
        "lastModified": 1689179638,
        "narHash": "sha256-0Ssp6ArsOKzVT6HeyzKw6WWI78PLHCyDUMjLcO8Nrl8=",
        "owner": "pythoneda",
        "repo": "base",
        "rev": "ceb2206e7a23ff9dc418988d2608870564829e48",
        "type": "github"
      },
      "original": {
        "owner": "pythoneda",
        "ref": "0.0.1a18",
        "repo": "base",
        "type": "github"
      }
    },
    "pythoneda-infrastructure-base": {
      "inputs": {
        "flake-utils": [
          "flake-utils"
        ],
        "nixos": [
          "nixos"
        ],
        "pythoneda-base": [
          "pythoneda-base"
        ]
      },
      "locked": {
        "lastModified": 1687788166,
        "narHash": "sha256-l+9hmSpMpfpA9kFISHbvS9hUlZ7BhqtoS+gUNsg39Io=",
        "owner": "pythoneda-infrastructure",
        "repo": "base",
        "rev": "6e895d55356952cd93924ad36d5c7510f71f568e",
        "type": "github"
      },
      "original": {
        "owner": "pythoneda-infrastructure",
        "ref": "0.0.1a12",
        "repo": "base",
        "type": "github"
      }
    },
    "pythoneda-realm-infrastructure-unveilingpartner": {
      "inputs": {
        "flake-utils": [
          "flake-utils"
        ],
        "nixos": [
          "nixos"
        ],
        "pythoneda-artifact-event-git-tagging": "pythoneda-artifact-event-git-tagging_2",
        "pythoneda-base": [
          "pythoneda-base"
        ],
        "pythoneda-infrastructure-base": [
          "pythoneda-infrastructure-base"
        ],
        "pythoneda-realm-unveilingpartner": [
          "pythoneda-realm-unveilingpartner"
        ]
      },
      "locked": {
        "lastModified": 1688137937,
        "narHash": "sha256-QCnM3lairB9ycR0i7YCeVDwfmAJ857fJ4kQ6+8ivaxQ=",
        "owner": "pythoneda-realm-infrastructure",
        "repo": "unveilingpartner",
        "rev": "89633cc79ac80e005bb23943d9b9a6464f574741",
        "type": "github"
      },
      "original": {
        "owner": "pythoneda-realm-infrastructure",
        "ref": "0.0.1a2",
        "repo": "unveilingpartner",
        "type": "github"
      }
    },
    "pythoneda-realm-unveilingpartner": {
      "inputs": {
        "flake-utils": [
          "flake-utils"
        ],
        "nixos": [
          "nixos"
        ],
        "pythoneda-artifact-event-git-tagging": [
          "pythoneda-artifact-event-git-tagging"
        ],
        "pythoneda-base": [
          "pythoneda-base"
        ]
      },
      "locked": {
        "lastModified": 1687941514,
        "narHash": "sha256-AeS76wS+OIOAjIdmBkJU8L/dQDBH0ch8DcGLbC/4GQY=",
        "owner": "pythoneda-realm",
        "repo": "unveilingpartner",
        "rev": "50e9868fb029d1d10d36f7ea13b7deaa3fe0c932",
        "type": "github"
      },
      "original": {
        "owner": "pythoneda-realm",
        "ref": "0.0.1a2",
        "repo": "unveilingpartner",
        "type": "github"
      }
    },
    "pythoneda-shared-git": {
      "inputs": {
        "flake-utils": [
          "flake-utils"
        ],
        "nixos": [
          "nixos"
        ],
        "pythoneda-base": [
          "pythoneda-base"
        ]
      },
      "locked": {
        "lastModified": 1688918801,
        "narHash": "sha256-DS0+tGVo91ekxaG6JPklwxv+36HxVRs1vxBHE6DF8D0=",
        "owner": "pythoneda-shared",
        "repo": "git",
        "rev": "8e09cd7f62ba1cf2b582f1cd66b3c99c8b2e92b7",
        "type": "github"
      },
      "original": {
        "owner": "pythoneda-shared",
        "ref": "0.0.1a4",
        "repo": "git",
        "type": "github"
      }
    },
    "root": {
      "inputs": {
        "flake-utils": "flake-utils",
        "nixos": "nixos",
        "pythoneda-application-base": "pythoneda-application-base",
        "pythoneda-artifact-event-changes": "pythoneda-artifact-event-changes",
        "pythoneda-artifact-event-git-tagging": "pythoneda-artifact-event-git-tagging",
        "pythoneda-artifact-event-infrastructure-changes": "pythoneda-artifact-event-infrastructure-changes",
        "pythoneda-artifact-event-infrastructure-git-tagging": "pythoneda-artifact-event-infrastructure-git-tagging",
        "pythoneda-artifact-shared-changes": "pythoneda-artifact-shared-changes",
        "pythoneda-base": "pythoneda-base",
        "pythoneda-infrastructure-base": "pythoneda-infrastructure-base",
        "pythoneda-realm-infrastructure-unveilingpartner": "pythoneda-realm-infrastructure-unveilingpartner",
        "pythoneda-realm-unveilingpartner": "pythoneda-realm-unveilingpartner",
        "pythoneda-shared-git": "pythoneda-shared-git"
      }
    }
  },
  "root": "root",
  "version": 7
}
